// !$*UTF8*$!
{
	archiveVersion = 1;
	classes = {
	};
	objectVersion = 46;
	objects = {

/* Begin PBXBuildFile section */
		BBA472AF182880B00082AB16 /* Foundation.framework in Frameworks */ = {isa = PBXBuildFile; fileRef = BBA472AE182880B00082AB16 /* Foundation.framework */; };
		BBA472B1182880B00082AB16 /* CoreGraphics.framework in Frameworks */ = {isa = PBXBuildFile; fileRef = BBA472B0182880B00082AB16 /* CoreGraphics.framework */; };
		BBA472B3182880B00082AB16 /* UIKit.framework in Frameworks */ = {isa = PBXBuildFile; fileRef = BBA472B2182880B00082AB16 /* UIKit.framework */; };
		BBA472B9182880B00082AB16 /* InfoPlist.strings in Resources */ = {isa = PBXBuildFile; fileRef = BBA472B7182880B00082AB16 /* InfoPlist.strings */; };
		BBA472BB182880B00082AB16 /* main.m in Sources */ = {isa = PBXBuildFile; fileRef = BBA472BA182880B00082AB16 /* main.m */; };
		BBA472BF182880B00082AB16 /* CardGameAppDelegate.m in Sources */ = {isa = PBXBuildFile; fileRef = BBA472BE182880B00082AB16 /* CardGameAppDelegate.m */; };
		BBA472C2182880B00082AB16 /* Main.storyboard in Resources */ = {isa = PBXBuildFile; fileRef = BBA472C0182880B00082AB16 /* Main.storyboard */; };
		BBA472C5182880B00082AB16 /* CardGameViewController.m in Sources */ = {isa = PBXBuildFile; fileRef = BBA472C4182880B00082AB16 /* CardGameViewController.m */; };
		BBA472C7182880B00082AB16 /* Images.xcassets in Resources */ = {isa = PBXBuildFile; fileRef = BBA472C6182880B00082AB16 /* Images.xcassets */; };
		BBA472CE182880B00082AB16 /* XCTest.framework in Frameworks */ = {isa = PBXBuildFile; fileRef = BBA472CD182880B00082AB16 /* XCTest.framework */; };
		BBA472CF182880B00082AB16 /* Foundation.framework in Frameworks */ = {isa = PBXBuildFile; fileRef = BBA472AE182880B00082AB16 /* Foundation.framework */; };
		BBA472D0182880B00082AB16 /* UIKit.framework in Frameworks */ = {isa = PBXBuildFile; fileRef = BBA472B2182880B00082AB16 /* UIKit.framework */; };
		BBA472D8182880B00082AB16 /* InfoPlist.strings in Resources */ = {isa = PBXBuildFile; fileRef = BBA472D6182880B00082AB16 /* InfoPlist.strings */; };
		BBA472DA182880B00082AB16 /* Matchismo_IOS7Tests.m in Sources */ = {isa = PBXBuildFile; fileRef = BBA472D9182880B00082AB16 /* Matchismo_IOS7Tests.m */; };
/* End PBXBuildFile section */

/* Begin PBXContainerItemProxy section */
		BBA472D1182880B00082AB16 /* PBXContainerItemProxy */ = {
			isa = PBXContainerItemProxy;
			containerPortal = BBA472A3182880B00082AB16 /* Project object */;
			proxyType = 1;
			remoteGlobalIDString = BBA472AA182880B00082AB16;
			remoteInfo = Matchismo_IOS7;
		};
/* End PBXContainerItemProxy section */

/* Begin PBXFileReference section */
		BBA472AB182880B00082AB16 /* Matchismo_IOS7.app */ = {isa = PBXFileReference; explicitFileType = wrapper.application; includeInIndex = 0; path = Matchismo_IOS7.app; sourceTree = BUILT_PRODUCTS_DIR; };
		BBA472AE182880B00082AB16 /* Foundation.framework */ = {isa = PBXFileReference; lastKnownFileType = wrapper.framework; name = Foundation.framework; path = System/Library/Frameworks/Foundation.framework; sourceTree = SDKROOT; };
		BBA472B0182880B00082AB16 /* CoreGraphics.framework */ = {isa = PBXFileReference; lastKnownFileType = wrapper.framework; name = CoreGraphics.framework; path = System/Library/Frameworks/CoreGraphics.framework; sourceTree = SDKROOT; };
		BBA472B2182880B00082AB16 /* UIKit.framework */ = {isa = PBXFileReference; lastKnownFileType = wrapper.framework; name = UIKit.framework; path = System/Library/Frameworks/UIKit.framework; sourceTree = SDKROOT; };
		BBA472B6182880B00082AB16 /* Matchismo_IOS7-Info.plist */ = {isa = PBXFileReference; lastKnownFileType = text.plist.xml; path = "Matchismo_IOS7-Info.plist"; sourceTree = "<group>"; };
		BBA472B8182880B00082AB16 /* en */ = {isa = PBXFileReference; lastKnownFileType = text.plist.strings; name = en; path = en.lproj/InfoPlist.strings; sourceTree = "<group>"; };
		BBA472BA182880B00082AB16 /* main.m */ = {isa = PBXFileReference; lastKnownFileType = sourcecode.c.objc; path = main.m; sourceTree = "<group>"; };
		BBA472BC182880B00082AB16 /* Matchismo_IOS7-Prefix.pch */ = {isa = PBXFileReference; lastKnownFileType = sourcecode.c.h; path = "Matchismo_IOS7-Prefix.pch"; sourceTree = "<group>"; };
		BBA472BD182880B00082AB16 /* CardGameAppDelegate.h */ = {isa = PBXFileReference; lastKnownFileType = sourcecode.c.h; path = CardGameAppDelegate.h; sourceTree = "<group>"; };
		BBA472BE182880B00082AB16 /* CardGameAppDelegate.m */ = {isa = PBXFileReference; lastKnownFileType = sourcecode.c.objc; path = CardGameAppDelegate.m; sourceTree = "<group>"; };
		BBA472C1182880B00082AB16 /* Base */ = {isa = PBXFileReference; lastKnownFileType = file.storyboard; name = Base; path = Base.lproj/Main.storyboard; sourceTree = "<group>"; };
		BBA472C3182880B00082AB16 /* CardGameViewController.h */ = {isa = PBXFileReference; lastKnownFileType = sourcecode.c.h; path = CardGameViewController.h; sourceTree = "<group>"; };
		BBA472C4182880B00082AB16 /* CardGameViewController.m */ = {isa = PBXFileReference; lastKnownFileType = sourcecode.c.objc; path = CardGameViewController.m; sourceTree = "<group>"; };
		BBA472C6182880B00082AB16 /* Images.xcassets */ = {isa = PBXFileReference; lastKnownFileType = folder.assetcatalog; path = Images.xcassets; sourceTree = "<group>"; };
		BBA472CC182880B00082AB16 /* Matchismo_IOS7Tests.xctest */ = {isa = PBXFileReference; explicitFileType = wrapper.cfbundle; includeInIndex = 0; path = Matchismo_IOS7Tests.xctest; sourceTree = BUILT_PRODUCTS_DIR; };
		BBA472CD182880B00082AB16 /* XCTest.framework */ = {isa = PBXFileReference; lastKnownFileType = wrapper.framework; name = XCTest.framework; path = Library/Frameworks/XCTest.framework; sourceTree = DEVELOPER_DIR; };
		BBA472D5182880B00082AB16 /* Matchismo_IOS7Tests-Info.plist */ = {isa = PBXFileReference; lastKnownFileType = text.plist.xml; path = "Matchismo_IOS7Tests-Info.plist"; sourceTree = "<group>"; };
		BBA472D7182880B00082AB16 /* en */ = {isa = PBXFileReference; lastKnownFileType = text.plist.strings; name = en; path = en.lproj/InfoPlist.strings; sourceTree = "<group>"; };
		BBA472D9182880B00082AB16 /* Matchismo_IOS7Tests.m */ = {isa = PBXFileReference; lastKnownFileType = sourcecode.c.objc; path = Matchismo_IOS7Tests.m; sourceTree = "<group>"; };
/* End PBXFileReference section */

/* Begin PBXFrameworksBuildPhase section */
		BBA472A8182880B00082AB16 /* Frameworks */ = {
			isa = PBXFrameworksBuildPhase;
			buildActionMask = 2147483647;
			files = (
				BBA472B1182880B00082AB16 /* CoreGraphics.framework in Frameworks */,
				BBA472B3182880B00082AB16 /* UIKit.framework in Frameworks */,
				BBA472AF182880B00082AB16 /* Foundation.framework in Frameworks */,
			);
			runOnlyForDeploymentPostprocessing = 0;
		};
		BBA472C9182880B00082AB16 /* Frameworks */ = {
			isa = PBXFrameworksBuildPhase;
			buildActionMask = 2147483647;
			files = (
				BBA472CE182880B00082AB16 /* XCTest.framework in Frameworks */,
				BBA472D0182880B00082AB16 /* UIKit.framework in Frameworks */,
				BBA472CF182880B00082AB16 /* Foundation.framework in Frameworks */,
			);
			runOnlyForDeploymentPostprocessing = 0;
		};
/* End PBXFrameworksBuildPhase section */

/* Begin PBXGroup section */
		BBA472A2182880B00082AB16 = {
			isa = PBXGroup;
			children = (
				BBA472B4182880B00082AB16 /* Matchismo_IOS7 */,
				BBA472D3182880B00082AB16 /* Matchismo_IOS7Tests */,
				BBA472AD182880B00082AB16 /* Frameworks */,
				BBA472AC182880B00082AB16 /* Products */,
			);
			sourceTree = "<group>";
		};
		BBA472AC182880B00082AB16 /* Products */ = {
			isa = PBXGroup;
			children = (
				BBA472AB182880B00082AB16 /* Matchismo_IOS7.app */,
				BBA472CC182880B00082AB16 /* Matchismo_IOS7Tests.xctest */,
			);
			name = Products;
			sourceTree = "<group>";
		};
		BBA472AD182880B00082AB16 /* Frameworks */ = {
			isa = PBXGroup;
			children = (
				BBA472AE182880B00082AB16 /* Foundation.framework */,
				BBA472B0182880B00082AB16 /* CoreGraphics.framework */,
				BBA472B2182880B00082AB16 /* UIKit.framework */,
				BBA472CD182880B00082AB16 /* XCTest.framework */,
			);
			name = Frameworks;
			sourceTree = "<group>";
		};
		BBA472B4182880B00082AB16 /* Matchismo_IOS7 */ = {
			isa = PBXGroup;
			children = (
				BBA472BD182880B00082AB16 /* CardGameAppDelegate.h */,
				BBA472BE182880B00082AB16 /* CardGameAppDelegate.m */,
				BBA472C0182880B00082AB16 /* Main.storyboard */,
				BBA472C3182880B00082AB16 /* CardGameViewController.h */,
				BBA472C4182880B00082AB16 /* CardGameViewController.m */,
				BBA472C6182880B00082AB16 /* Images.xcassets */,
				BBA472B5182880B00082AB16 /* Supporting Files */,
			);
			path = Matchismo_IOS7;
			sourceTree = "<group>";
		};
		BBA472B5182880B00082AB16 /* Supporting Files */ = {
			isa = PBXGroup;
			children = (
				BBA472B6182880B00082AB16 /* Matchismo_IOS7-Info.plist */,
				BBA472B7182880B00082AB16 /* InfoPlist.strings */,
				BBA472BA182880B00082AB16 /* main.m */,
				BBA472BC182880B00082AB16 /* Matchismo_IOS7-Prefix.pch */,
			);
			name = "Supporting Files";
			sourceTree = "<group>";
		};
		BBA472D3182880B00082AB16 /* Matchismo_IOS7Tests */ = {
			isa = PBXGroup;
			children = (
				BBA472D9182880B00082AB16 /* Matchismo_IOS7Tests.m */,
				BBA472D4182880B00082AB16 /* Supporting Files */,
			);
			path = Matchismo_IOS7Tests;
			sourceTree = "<group>";
		};
		BBA472D4182880B00082AB16 /* Supporting Files */ = {
			isa = PBXGroup;
			children = (
				BBA472D5182880B00082AB16 /* Matchismo_IOS7Tests-Info.plist */,
				BBA472D6182880B00082AB16 /* InfoPlist.strings */,
			);
			name = "Supporting Files";
			sourceTree = "<group>";
		};
/* End PBXGroup section */

/* Begin PBXNativeTarget section */
		BBA472AA182880B00082AB16 /* Matchismo_IOS7 */ = {
			isa = PBXNativeTarget;
			buildConfigurationList = BBA472DD182880B00082AB16 /* Build configuration list for PBXNativeTarget "Matchismo_IOS7" */;
			buildPhases = (
				BBA472A7182880B00082AB16 /* Sources */,
				BBA472A8182880B00082AB16 /* Frameworks */,
				BBA472A9182880B00082AB16 /* Resources */,
			);
			buildRules = (
			);
			dependencies = (
			);
			name = Matchismo_IOS7;
			productName = Matchismo_IOS7;
			productReference = BBA472AB182880B00082AB16 /* Matchismo_IOS7.app */;
			productType = "com.apple.product-type.application";
		};
		BBA472CB182880B00082AB16 /* Matchismo_IOS7Tests */ = {
			isa = PBXNativeTarget;
			buildConfigurationList = BBA472E0182880B00082AB16 /* Build configuration list for PBXNativeTarget "Matchismo_IOS7Tests" */;
			buildPhases = (
				BBA472C8182880B00082AB16 /* Sources */,
				BBA472C9182880B00082AB16 /* Frameworks */,
				BBA472CA182880B00082AB16 /* Resources */,
			);
			buildRules = (
			);
			dependencies = (
				BBA472D2182880B00082AB16 /* PBXTargetDependency */,
			);
			name = Matchismo_IOS7Tests;
			productName = Matchismo_IOS7Tests;
			productReference = BBA472CC182880B00082AB16 /* Matchismo_IOS7Tests.xctest */;
			productType = "com.apple.product-type.bundle.unit-test";
		};
/* End PBXNativeTarget section */

/* Begin PBXProject section */
		BBA472A3182880B00082AB16 /* Project object */ = {
			isa = PBXProject;
			attributes = {
				CLASSPREFIX = CardGame;
				LastUpgradeCheck = 0500;
				ORGANIZATIONNAME = CS193P;
				TargetAttributes = {
					BBA472CB182880B00082AB16 = {
						TestTargetID = BBA472AA182880B00082AB16;
					};
				};
			};
			buildConfigurationList = BBA472A6182880B00082AB16 /* Build configuration list for PBXProject "Matchismo_IOS7" */;
			compatibilityVersion = "Xcode 3.2";
			developmentRegion = English;
			hasScannedForEncodings = 0;
			knownRegions = (
				en,
				Base,
			);
			mainGroup = BBA472A2182880B00082AB16;
			productRefGroup = BBA472AC182880B00082AB16 /* Products */;
			projectDirPath = "";
			projectRoot = "";
			targets = (
				BBA472AA182880B00082AB16 /* Matchismo_IOS7 */,
				BBA472CB182880B00082AB16 /* Matchismo_IOS7Tests */,
			);
		};
/* End PBXProject section */

/* Begin PBXResourcesBuildPhase section */
		BBA472A9182880B00082AB16 /* Resources */ = {
			isa = PBXResourcesBuildPhase;
			buildActionMask = 2147483647;
			files = (
				BBA472C7182880B00082AB16 /* Images.xcassets in Resources */,
				BBA472B9182880B00082AB16 /* InfoPlist.strings in Resources */,
				BBA472C2182880B00082AB16 /* Main.storyboard in Resources */,
			);
			runOnlyForDeploymentPostprocessing = 0;
		};
		BBA472CA182880B00082AB16 /* Resources */ = {
			isa = PBXResourcesBuildPhase;
			buildActionMask = 2147483647;
			files = (
				BBA472D8182880B00082AB16 /* InfoPlist.strings in Resources */,
			);
			runOnlyForDeploymentPostprocessing = 0;
		};
/* End PBXResourcesBuildPhase section */

/* Begin PBXSourcesBuildPhase section */
		BBA472A7182880B00082AB16 /* Sources */ = {
			isa = PBXSourcesBuildPhase;
			buildActionMask = 2147483647;
			files = (
				BBA472BF182880B00082AB16 /* CardGameAppDelegate.m in Sources */,
				BBA472C5182880B00082AB16 /* CardGameViewController.m in Sources */,
				BBA472BB182880B00082AB16 /* main.m in Sources */,
			);
			runOnlyForDeploymentPostprocessing = 0;
		};
		BBA472C8182880B00082AB16 /* Sources */ = {
			isa = PBXSourcesBuildPhase;
			buildActionMask = 2147483647;
			files = (
				BBA472DA182880B00082AB16 /* Matchismo_IOS7Tests.m in Sources */,
			);
			runOnlyForDeploymentPostprocessing = 0;
		};
/* End PBXSourcesBuildPhase section */

/* Begin PBXTargetDependency section */
		BBA472D2182880B00082AB16 /* PBXTargetDependency */ = {
			isa = PBXTargetDependency;
			target = BBA472AA182880B00082AB16 /* Matchismo_IOS7 */;
			targetProxy = BBA472D1182880B00082AB16 /* PBXContainerItemProxy */;
		};
/* End PBXTargetDependency section */

/* Begin PBXVariantGroup section */
		BBA472B7182880B00082AB16 /* InfoPlist.strings */ = {
			isa = PBXVariantGroup;
			children = (
				BBA472B8182880B00082AB16 /* en */,
			);
			name = InfoPlist.strings;
			sourceTree = "<group>";
		};
		BBA472C0182880B00082AB16 /* Main.storyboard */ = {
			isa = PBXVariantGroup;
			children = (
				BBA472C1182880B00082AB16 /* Base */,
			);
			name = Main.storyboard;
			sourceTree = "<group>";
		};
		BBA472D6182880B00082AB16 /* InfoPlist.strings */ = {
			isa = PBXVariantGroup;
			children = (
				BBA472D7182880B00082AB16 /* en */,
			);
			name = InfoPlist.strings;
			sourceTree = "<group>";
		};
/* End PBXVariantGroup section */

/* Begin XCBuildConfiguration section */
		BBA472DB182880B00082AB16 /* Debug */ = {
			isa = XCBuildConfiguration;
			buildSettings = {
				ALWAYS_SEARCH_USER_PATHS = NO;
				ARCHS = "$(ARCHS_STANDARD_INCLUDING_64_BIT)";
				CLANG_CXX_LANGUAGE_STANDARD = "gnu++0x";
				CLANG_CXX_LIBRARY = "libc++";
				CLANG_ENABLE_MODULES = YES;
				CLANG_ENABLE_OBJC_ARC = YES;
				CLANG_WARN_BOOL_CONVERSION = YES;
				CLANG_WARN_CONSTANT_CONVERSION = YES;
				CLANG_WARN_DIRECT_OBJC_ISA_USAGE = YES_ERROR;
				CLANG_WARN_EMPTY_BODY = YES;
				CLANG_WARN_ENUM_CONVERSION = YES;
				CLANG_WARN_INT_CONVERSION = YES;
				CLANG_WARN_OBJC_ROOT_CLASS = YES_ERROR;
				CLANG_WARN__DUPLICATE_METHOD_MATCH = YES;
				"CODE_SIGN_IDENTITY[sdk=iphoneos*]" = "iPhone Developer";
				COPY_PHASE_STRIP = NO;
				GCC_C_LANGUAGE_STANDARD = gnu99;
				GCC_DYNAMIC_NO_PIC = NO;
				GCC_OPTIMIZATION_LEVEL = 0;
				GCC_PREPROCESSOR_DEFINITIONS = (
					"DEBUG=1",
					"$(inherited)",
				);
				GCC_SYMBOLS_PRIVATE_EXTERN = NO;
				GCC_WARN_64_TO_32_BIT_CONVERSION = YES;
				GCC_WARN_ABOUT_RETURN_TYPE = YES_ERROR;
				GCC_WARN_UNDECLARED_SELECTOR = YES;
				GCC_WARN_UNINITIALIZED_AUTOS = YES;
				GCC_WARN_UNUSED_FUNCTION = YES;
				GCC_WARN_UNUSED_VARIABLE = YES;
				IPHONEOS_DEPLOYMENT_TARGET = 7.0;
				ONLY_ACTIVE_ARCH = YES;
				SDKROOT = iphoneos;
			};
			name = Debug;
		};
		BBA472DC182880B00082AB16 /* Release */ = {
			isa = XCBuildConfiguration;
			buildSettings = {
				ALWAYS_SEARCH_USER_PATHS = NO;
				ARCHS = "$(ARCHS_STANDARD_INCLUDING_64_BIT)";
				CLANG_CXX_LANGUAGE_STANDARD = "gnu++0x";
				CLANG_CXX_LIBRARY = "libc++";
				CLANG_ENABLE_MODULES = YES;
				CLANG_ENABLE_OBJC_ARC = YES;
				CLANG_WARN_BOOL_CONVERSION = YES;
				CLANG_WARN_CONSTANT_CONVERSION = YES;
				CLANG_WARN_DIRECT_OBJC_ISA_USAGE = YES_ERROR;
				CLANG_WARN_EMPTY_BODY = YES;
				CLANG_WARN_ENUM_CONVERSION = YES;
				CLANG_WARN_INT_CONVERSION = YES;
				CLANG_WARN_OBJC_ROOT_CLASS = YES_ERROR;
				CLANG_WARN__DUPLICATE_METHOD_MATCH = YES;
				"CODE_SIGN_IDENTITY[sdk=iphoneos*]" = "iPhone Developer";
				COPY_PHASE_STRIP = YES;
				ENABLE_NS_ASSERTIONS = NO;
				GCC_C_LANGUAGE_STANDARD = gnu99;
				GCC_WARN_64_TO_32_BIT_CONVERSION = YES;
				GCC_WARN_ABOUT_RETURN_TYPE = YES_ERROR;
				GCC_WARN_UNDECLARED_SELECTOR = YES;
				GCC_WARN_UNINITIALIZED_AUTOS = YES;
				GCC_WARN_UNUSED_FUNCTION = YES;
				GCC_WARN_UNUSED_VARIABLE = YES;
				IPHONEOS_DEPLOYMENT_TARGET = 7.0;
				SDKROOT = iphoneos;
				VALIDATE_PRODUCT = YES;
			};
			name = Release;
		};
		BBA472DE182880B00082AB16 /* Debug */ = {
			isa = XCBuildConfiguration;
			buildSettings = {
				ASSETCATALOG_COMPILER_APPICON_NAME = AppIcon;
				ASSETCATALOG_COMPILER_LAUNCHIMAGE_NAME = LaunchImage;
				GCC_PRECOMPILE_PREFIX_HEADER = YES;
				GCC_PREFIX_HEADER = "Matchismo_IOS7/Matchismo_IOS7-Prefix.pch";
				INFOPLIST_FILE = "Matchismo_IOS7/Matchismo_IOS7-Info.plist";
				PRODUCT_NAME = "$(TARGET_NAME)";
				WRAPPER_EXTENSION = app;
			};
			name = Debug;
		};
		BBA472DF182880B00082AB16 /* Release */ = {
			isa = XCBuildConfiguration;
			buildSettings = {
				ASSETCATALOG_COMPILER_APPICON_NAME = AppIcon;
				ASSETCATALOG_COMPILER_LAUNCHIMAGE_NAME = LaunchImage;
				GCC_PRECOMPILE_PREFIX_HEADER = YES;
				GCC_PREFIX_HEADER = "Matchismo_IOS7/Matchismo_IOS7-Prefix.pch";
				INFOPLIST_FILE = "Matchismo_IOS7/Matchismo_IOS7-Info.plist";
				PRODUCT_NAME = "$(TARGET_NAME)";
				WRAPPER_EXTENSION = app;
			};
			name = Release;
		};
		BBA472E1182880B00082AB16 /* Debug */ = {
			isa = XCBuildConfiguration;
			buildSettings = {
				ARCHS = "$(ARCHS_STANDARD_INCLUDING_64_BIT)";
				BUNDLE_LOADER = "$(BUILT_PRODUCTS_DIR)/Matchismo_IOS7.app/Matchismo_IOS7";
				FRAMEWORK_SEARCH_PATHS = (
					"$(SDKROOT)/Developer/Library/Frameworks",
					"$(inherited)",
					"$(DEVELOPER_FRAMEWORKS_DIR)",
				);
				GCC_PRECOMPILE_PREFIX_HEADER = YES;
				GCC_PREFIX_HEADER = "Matchismo_IOS7/Matchismo_IOS7-Prefix.pch";
				GCC_PREPROCESSOR_DEFINITIONS = (
					"DEBUG=1",
					"$(inherited)",
				);
				INFOPLIST_FILE = "Matchismo_IOS7Tests/Matchismo_IOS7Tests-Info.plist";
				PRODUCT_NAME = "$(TARGET_NAME)";
				TEST_HOST = "$(BUNDLE_LOADER)";
				WRAPPER_EXTENSION = xctest;
			};
			name = Debug;
		};
		BBA472E2182880B00082AB16 /* Release */ = {
			isa = XCBuildConfiguration;
			buildSettings = {
				ARCHS = "$(ARCHS_STANDARD_INCLUDING_64_BIT)";
				BUNDLE_LOADER = "$(BUILT_PRODUCTS_DIR)/Matchismo_IOS7.app/Matchismo_IOS7";
				FRAMEWORK_SEARCH_PATHS = (
					"$(SDKROOT)/Developer/Library/Frameworks",
					"$(inherited)",
					"$(DEVELOPER_FRAMEWORKS_DIR)",
				);
				GCC_PRECOMPILE_PREFIX_HEADER = YES;
				GCC_PREFIX_HEADER = "Matchismo_IOS7/Matchismo_IOS7-Prefix.pch";
				INFOPLIST_FILE = "Matchismo_IOS7Tests/Matchismo_IOS7Tests-Info.plist";
				PRODUCT_NAME = "$(TARGET_NAME)";
				TEST_HOST = "$(BUNDLE_LOADER)";
				WRAPPER_EXTENSION = xctest;
			};
			name = Release;
		};
/* End XCBuildConfiguration section */

/* Begin XCConfigurationList section */
		BBA472A6182880B00082AB16 /* Build configuration list for PBXProject "Matchismo_IOS7" */ = {
			isa = XCConfigurationList;
			buildConfigurations = (
				BBA472DB182880B00082AB16 /* Debug */,
				BBA472DC182880B00082AB16 /* Release */,
			);
			defaultConfigurationIsVisible = 0;
			defaultConfigurationName = Release;
		};
		BBA472DD182880B00082AB16 /* Build configuration list for PBXNativeTarget "Matchismo_IOS7" */ = {
			isa = XCConfigurationList;
			buildConfigurations = (
				BBA472DE182880B00082AB16 /* Debug */,
				BBA472DF182880B00082AB16 /* Release */,
			);
			defaultConfigurationIsVisible = 0;
		};
		BBA472E0182880B00082AB16 /* Build configuration list for PBXNativeTarget "Matchismo_IOS7Tests" */ = {
			isa = XCConfigurationList;
			buildConfigurations = (
				BBA472E1182880B00082AB16 /* Debug */,
				BBA472E2182880B00082AB16 /* Release */,
			);
			defaultConfigurationIsVisible = 0;
		};
/* End XCConfigurationList section */
	};
	rootObject = BBA472A3182880B00082AB16 /* Project object */;
}
